
Microsoft Visual Studio Solution File, Format Version 12.00
# Visual Studio Version 17
VisualStudioVersion = 17.5.002.0
MinimumVisualStudioVersion = 10.0.40219.1
Project("{9A19103F-16F7-4668-BE54-9A1E7A4F7556}") = "GrpcGreeter", "GrpcGreeter\GrpcGreeter.csproj", "{FB7267D8-39EE-4A25-A9AD-793D0724A075}"
EndProject
Project("{FAE04EC0-301F-11D3-BF4B-00C04F79EFBC}") = "GrpcGreeterClient", "GrpcGreeterClient\GrpcGreeterClient.csproj", "{4C0C9542-A8DF-4D96-815B-D5C08235F8DD}"
EndProject
Global
	GlobalSection(SolutionConfigurationPlatforms) = preSolution
		Debug|Any CPU = Debug|Any CPU
		Release|Any CPU = Release|Any CPU
	EndGlobalSection
	GlobalSection(ProjectConfigurationPlatforms) = postSolution
		{FB7267D8-39EE-4A25-A9AD-793D0724A075}.Debug|Any CPU.ActiveCfg = Debug|Any CPU
		{FB7267D8-39EE-4A25-A9AD-793D0724A075}.Debug|Any CPU.Build.0 = Debug|Any CPU
		{FB7267D8-39EE-4A25-A9AD-793D0724A075}.Release|Any CPU.ActiveCfg = Release|Any CPU
		{FB7267D8-39EE-4A25-A9AD-793D0724A075}.Release|Any CPU.Build.0 = Release|Any CPU
		{4C0C9542-A8DF-4D96-815B-D5C08235F8DD}.Debug|Any CPU.ActiveCfg = Debug|Any CPU
		{4C0C9542-A8DF-4D96-815B-D5C08235F8DD}.Debug|Any CPU.Build.0 = Debug|Any CPU
		{4C0C9542-A8DF-4D96-815B-D5C08235F8DD}.Release|Any CPU.ActiveCfg = Release|Any CPU
		{4C0C9542-A8DF-4D96-815B-D5C08235F8DD}.Release|Any CPU.Build.0 = Release|Any CPU
	EndGlobalSection
	GlobalSection(SolutionProperties) = preSolution
		HideSolutionNode = FALSE
	EndGlobalSection
	GlobalSection(ExtensibilityGlobals) = postSolution
		SolutionGuid = {037E9334-91C2-4B73-91D5-F6D8A826765C}
	EndGlobalSection
EndGlobal
